
Microsoft Visual Studio Solution File, Format Version 12.00
Project("{FAE04EC0-301F-11D3-BF4B-00C04F79EFBC}") = "KinopoiskBot", "KinopoiskBot\KinopoiskBot.csproj", "{A267CAB3-25F6-4E50-8552-C9146BFEB58E}"
EndProject
Project("{FAE04EC0-301F-11D3-BF4B-00C04F79EFBC}") = "KinopoiskApiClient", "KinopoiskApiClient\KinopoiskApiClient.csproj", "{2D6B650D-3D0D-4152-9E1D-2FEBA32913B3}"
EndProject
Global
	GlobalSection(SolutionConfigurationPlatforms) = preSolution
		Debug|Any CPU = Debug|Any CPU
		Release|Any CPU = Release|Any CPU
	EndGlobalSection
	GlobalSection(ProjectConfigurationPlatforms) = postSolution
		{A267CAB3-25F6-4E50-8552-C9146BFEB58E}.Debug|Any CPU.ActiveCfg = Debug|Any CPU
		{A267CAB3-25F6-4E50-8552-C9146BFEB58E}.Debug|Any CPU.Build.0 = Debug|Any CPU
		{A267CAB3-25F6-4E50-8552-C9146BFEB58E}.Release|Any CPU.ActiveCfg = Release|Any CPU
		{A267CAB3-25F6-4E50-8552-C9146BFEB58E}.Release|Any CPU.Build.0 = Release|Any CPU
		{2D6B650D-3D0D-4152-9E1D-2FEBA32913B3}.Debug|Any CPU.ActiveCfg = Debug|Any CPU
		{2D6B650D-3D0D-4152-9E1D-2FEBA32913B3}.Debug|Any CPU.Build.0 = Debug|Any CPU
		{2D6B650D-3D0D-4152-9E1D-2FEBA32913B3}.Release|Any CPU.ActiveCfg = Release|Any CPU
		{2D6B650D-3D0D-4152-9E1D-2FEBA32913B3}.Release|Any CPU.Build.0 = Release|Any CPU
	EndGlobalSection
EndGlobal
